# THIS IS AN AUTOGENERATED FILE. DO NOT EDIT THIS FILE DIRECTLY.
# yarn lockfile v1


"@grpc/grpc-js@^1.2.7":
  version "1.2.8"
  resolved "https://parsable.jfrog.io/artifactory/api/npm/eng-npm-snapshot/@grpc/grpc-js/-/grpc-js-1.2.8.tgz#7e1aab8fd4d576b8ee6e73bba475d94a67ffd07d"
  integrity sha1-fhqrj9TVdrjubnO7pHXZSmf/0H0=
  dependencies:
    "@types/node" ">=12.12.47"
    google-auth-library "^6.1.1"
    semver "^6.2.0"

"@grpc/proto-loader@^0.5.6":
  version "0.5.6"
  resolved "https://parsable.jfrog.io/artifactory/api/npm/eng-npm-snapshot/@grpc/proto-loader/-/proto-loader-0.5.6.tgz#1dea4b8a6412b05e2d58514d507137b63a52a98d"
  integrity sha1-HepLimQSsF4tWFFNUHE3tjpSqY0=
  dependencies:
    lodash.camelcase "^4.3.0"
    protobufjs "^6.8.6"

"@protobufjs/aspromise@^1.1.1", "@protobufjs/aspromise@^1.1.2":
  version "1.1.2"
  resolved "https://parsable.jfrog.io/artifactory/api/npm/eng-npm-snapshot/@protobufjs/aspromise/-/aspromise-1.1.2.tgz#9b8b0cc663d669a7d8f6f5d0893a14d348f30fbf"
  integrity sha1-m4sMxmPWaafY9vXQiToU00jzD78=

"@protobufjs/base64@^1.1.2":
  version "1.1.2"
  resolved "https://parsable.jfrog.io/artifactory/api/npm/eng-npm-snapshot/@protobufjs/base64/-/base64-1.1.2.tgz#4c85730e59b9a1f1f349047dbf24296034bb2735"
  integrity sha1-TIVzDlm5ofHzSQR9vyQpYDS7JzU=

"@protobufjs/codegen@^2.0.4":
  version "2.0.4"
  resolved "https://parsable.jfrog.io/artifactory/api/npm/eng-npm-snapshot/@protobufjs/codegen/-/codegen-2.0.4.tgz#7ef37f0d010fb028ad1ad59722e506d9262815cb"
  integrity sha1-fvN/DQEPsCitGtWXIuUG2SYoFcs=

"@protobufjs/eventemitter@^1.1.0":
  version "1.1.0"
  resolved "https://parsable.jfrog.io/artifactory/api/npm/eng-npm-snapshot/@protobufjs/eventemitter/-/eventemitter-1.1.0.tgz#355cbc98bafad5978f9ed095f397621f1d066b70"
  integrity sha1-NVy8mLr61ZePntCV85diHx0Ga3A=

"@protobufjs/fetch@^1.1.0":
  version "1.1.0"
  resolved "https://parsable.jfrog.io/artifactory/api/npm/eng-npm-snapshot/@protobufjs/fetch/-/fetch-1.1.0.tgz#ba99fb598614af65700c1619ff06d454b0d84c45"
  integrity sha1-upn7WYYUr2VwDBYZ/wbUVLDYTEU=
  dependencies:
    "@protobufjs/aspromise" "^1.1.1"
    "@protobufjs/inquire" "^1.1.0"

"@protobufjs/float@^1.0.2":
  version "1.0.2"
  resolved "https://parsable.jfrog.io/artifactory/api/npm/eng-npm-snapshot/@protobufjs/float/-/float-1.0.2.tgz#5e9e1abdcb73fc0a7cb8b291df78c8cbd97b87d1"
  integrity sha1-Xp4avctz/Ap8uLKR33jIy9l7h9E=

"@protobufjs/inquire@^1.1.0":
  version "1.1.0"
  resolved "https://parsable.jfrog.io/artifactory/api/npm/eng-npm-snapshot/@protobufjs/inquire/-/inquire-1.1.0.tgz#ff200e3e7cf2429e2dcafc1140828e8cc638f089"
  integrity sha1-/yAOPnzyQp4tyvwRQIKOjMY48Ik=

"@protobufjs/path@^1.1.2":
  version "1.1.2"
  resolved "https://parsable.jfrog.io/artifactory/api/npm/eng-npm-snapshot/@protobufjs/path/-/path-1.1.2.tgz#6cc2b20c5c9ad6ad0dccfd21ca7673d8d7fbf68d"
  integrity sha1-bMKyDFya1q0NzP0hynZz2Nf79o0=

"@protobufjs/pool@^1.1.0":
  version "1.1.0"
  resolved "https://parsable.jfrog.io/artifactory/api/npm/eng-npm-snapshot/@protobufjs/pool/-/pool-1.1.0.tgz#09fd15f2d6d3abfa9b65bc366506d6ad7846ff54"
  integrity sha1-Cf0V8tbTq/qbZbw2ZQbWrXhG/1Q=

"@protobufjs/utf8@^1.1.0":
  version "1.1.0"
  resolved "https://parsable.jfrog.io/artifactory/api/npm/eng-npm-snapshot/@protobufjs/utf8/-/utf8-1.1.0.tgz#a777360b5b39a1a2e5106f8e858f2fd2d060c570"
  integrity sha1-p3c2C1s5oaLlEG+OhY8v0tBgxXA=

"@types/long@^4.0.1":
  version "4.0.1"
  resolved "https://parsable.jfrog.io/artifactory/api/npm/eng-npm-snapshot/@types/long/-/long-4.0.1.tgz#459c65fa1867dafe6a8f322c4c51695663cc55e9"
  integrity sha1-RZxl+hhn2v5qjzIsTFFpVmPMVek=

"@types/node@>=12.12.47":
  version "14.14.28"
  resolved "https://parsable.jfrog.io/artifactory/api/npm/eng-npm-snapshot/@types/node/-/node-14.14.28.tgz#cade4b64f8438f588951a6b35843ce536853f25b"
  integrity sha1-yt5LZPhDj1iJUaazWEPOU2hT8ls=

"@types/node@^13.7.0":
  version "13.13.42"
  resolved "https://parsable.jfrog.io/artifactory/api/npm/eng-npm-snapshot/@types/node/-/node-13.13.42.tgz#ff343be01fca44b59e785e20b840357cb704a7f2"
  integrity sha1-/zQ74B/KRLWeeF4guEA1fLcEp/I=

abort-controller@^3.0.0:
  version "3.0.0"
  resolved "https://parsable.jfrog.io/artifactory/api/npm/eng-npm-snapshot/abort-controller/-/abort-controller-3.0.0.tgz#eaf54d53b62bae4138e809ca225c8439a6efb392"
  integrity sha1-6vVNU7YrrkE46AnKIlyEOabvs5I=
  dependencies:
    event-target-shim "^5.0.0"

agent-base@6:
  version "6.0.2"
  resolved "https://parsable.jfrog.io/artifactory/api/npm/eng-npm-snapshot/agent-base/-/agent-base-6.0.2.tgz#49fff58577cfee3f37176feab4c22e00f86d7f77"
  integrity sha1-Sf/1hXfP7j83F2/qtMIuAPhtf3c=
  dependencies:
    debug "4"

array-filter@^1.0.0:
  version "1.0.0"
  resolved "https://parsable.jfrog.io/artifactory/api/npm/eng-npm-snapshot/array-filter/-/array-filter-1.0.0.tgz#baf79e62e6ef4c2a4c0b831232daffec251f9d83"
  integrity sha1-uveeYubvTCpMC4MSMtr/7CUfnYM=

arrify@^2.0.0:
  version "2.0.1"
  resolved "https://parsable.jfrog.io/artifactory/api/npm/eng-npm-snapshot/arrify/-/arrify-2.0.1.tgz#c9655e9331e0abcd588d2a7cad7e9956f66701fa"
  integrity sha1-yWVekzHgq81YjSp8rX6ZVvZnAfo=

async@^3.2.0:
  version "3.2.0"
  resolved "https://parsable.jfrog.io/artifactory/api/npm/eng-npm-snapshot/async/-/async-3.2.0.tgz#b3a2685c5ebb641d3de02d161002c60fc9f85720"
  integrity sha1-s6JoXF67ZB094C0WEALGD8n4VyA=

available-typed-arrays@^1.0.2:
  version "1.0.2"
  resolved "https://parsable.jfrog.io/artifactory/api/npm/eng-npm-snapshot/available-typed-arrays/-/available-typed-arrays-1.0.2.tgz#6b098ca9d8039079ee3f77f7b783c4480ba513f5"
  integrity sha1-awmMqdgDkHnuP3f3t4PESAulE/U=
  dependencies:
    array-filter "^1.0.0"

balanced-match@^1.0.0:
  version "1.0.0"
  resolved "https://parsable.jfrog.io/artifactory/api/npm/eng-npm-snapshot/balanced-match/-/balanced-match-1.0.0.tgz#89b4d199ab2bee49de164ea02b89ce462d71b767"
  integrity sha1-ibTRmasr7kneFk6gK4nORi1xt2c=

base64-js@^1.3.0:
  version "1.5.1"
  resolved "https://parsable.jfrog.io/artifactory/api/npm/eng-npm-snapshot/base64-js/-/base64-js-1.5.1.tgz#1b1b440160a5bf7ad40b650f095963481903930a"
  integrity sha1-GxtEAWClv3rUC2UPCVljSBkDkwo=

bignumber.js@^9.0.0:
  version "9.0.1"
  resolved "https://parsable.jfrog.io/artifactory/api/npm/eng-npm-snapshot/bignumber.js/-/bignumber.js-9.0.1.tgz#8d7ba124c882bfd8e43260c67475518d0689e4e5"
  integrity sha1-jXuhJMiCv9jkMmDGdHVRjQaJ5OU=

brace-expansion@^1.1.7:
  version "1.1.11"
  resolved "https://parsable.jfrog.io/artifactory/api/npm/eng-npm-snapshot/brace-expansion/-/brace-expansion-1.1.11.tgz#3c7fcbf529d87226f3d2f52b966ff5271eb441dd"
  integrity sha1-PH/L9SnYcibz0vUrlm/1Jx60Qd0=
  dependencies:
    balanced-match "^1.0.0"
    concat-map "0.0.1"

buffer-equal-constant-time@1.0.1:
  version "1.0.1"
  resolved "https://parsable.jfrog.io/artifactory/api/npm/eng-npm-snapshot/buffer-equal-constant-time/-/buffer-equal-constant-time-1.0.1.tgz#f8e71132f7ffe6e01a5c9697a4c6f3e48d5cc819"
  integrity sha1-+OcRMvf/5uAaXJaXpMbz5I1cyBk=

call-bind@^1.0.0, call-bind@^1.0.2:
  version "1.0.2"
  resolved "https://parsable.jfrog.io/artifactory/api/npm/eng-npm-snapshot/call-bind/-/call-bind-1.0.2.tgz#b1d4e89e688119c3c9a903ad30abb2f6a919be3c"
  integrity sha1-sdTonmiBGcPJqQOtMKuy9qkZvjw=
  dependencies:
    function-bind "^1.1.1"
    get-intrinsic "^1.0.2"

concat-map@0.0.1:
  version "0.0.1"
  resolved "https://parsable.jfrog.io/artifactory/api/npm/eng-npm-snapshot/concat-map/-/concat-map-0.0.1.tgz#d8a96bd77fd68df7793a73036a3ba0d5405d477b"
  integrity sha1-2Klr13/Wjfd5OnMDajug1UBdR3s=

debug@4, debug@^4.3.1:
  version "4.3.1"
  resolved "https://parsable.jfrog.io/artifactory/api/npm/eng-npm-snapshot/debug/-/debug-4.3.1.tgz#f0d229c505e0c6d8c49ac553d1b13dc183f6b2ee"
  integrity sha1-8NIpxQXgxtjEmsVT0bE9wYP2su4=
  dependencies:
    ms "2.1.2"

deep-equal@^2.0.5:
  version "2.0.5"
  resolved "https://parsable.jfrog.io/artifactory/api/npm/eng-npm-snapshot/deep-equal/-/deep-equal-2.0.5.tgz#55cd2fe326d83f9cbf7261ef0e060b3f724c5cb9"
  integrity sha1-Vc0v4ybYP5y/cmHvDgYLP3JMXLk=
  dependencies:
    call-bind "^1.0.0"
    es-get-iterator "^1.1.1"
    get-intrinsic "^1.0.1"
    is-arguments "^1.0.4"
    is-date-object "^1.0.2"
    is-regex "^1.1.1"
    isarray "^2.0.5"
    object-is "^1.1.4"
    object-keys "^1.1.1"
    object.assign "^4.1.2"
    regexp.prototype.flags "^1.3.0"
    side-channel "^1.0.3"
    which-boxed-primitive "^1.0.1"
    which-collection "^1.0.1"
    which-typed-array "^1.1.2"

define-properties@^1.1.3:
  version "1.1.3"
  resolved "https://parsable.jfrog.io/artifactory/api/npm/eng-npm-snapshot/define-properties/-/define-properties-1.1.3.tgz#cf88da6cbee26fe6db7094f61d870cbd84cee9f1"
  integrity sha1-z4jabL7ib+bbcJT2HYcMvYTO6fE=
  dependencies:
    object-keys "^1.0.12"

defined@^1.0.0:
  version "1.0.0"
  resolved "https://parsable.jfrog.io/artifactory/api/npm/eng-npm-snapshot/defined/-/defined-1.0.0.tgz#c98d9bcef75674188e110969151199e39b1fa693"
  integrity sha1-yY2bzvdWdBiOEQlpFRGZ45sfppM=

dotignore@^0.1.2:
  version "0.1.2"
  resolved "https://parsable.jfrog.io/artifactory/api/npm/eng-npm-snapshot/dotignore/-/dotignore-0.1.2.tgz#f942f2200d28c3a76fbdd6f0ee9f3257c8a2e905"
  integrity sha1-+ULyIA0ow6dvvdbw7p8yV8ii6QU=
  dependencies:
    minimatch "^3.0.4"

ecdsa-sig-formatter@1.0.11, ecdsa-sig-formatter@^1.0.11:
  version "1.0.11"
  resolved "https://parsable.jfrog.io/artifactory/api/npm/eng-npm-snapshot/ecdsa-sig-formatter/-/ecdsa-sig-formatter-1.0.11.tgz#ae0f0fa2d85045ef14a817daa3ce9acd0489e5bf"
  integrity sha1-rg8PothQRe8UqBfao86azQSJ5b8=
  dependencies:
    safe-buffer "^5.0.1"

es-abstract@^1.18.0-next.1, es-abstract@^1.18.0-next.2:
  version "1.18.0-next.2"
  resolved "https://parsable.jfrog.io/artifactory/api/npm/eng-npm-snapshot/es-abstract/-/es-abstract-1.18.0-next.2.tgz#088101a55f0541f595e7e057199e27ddc8f3a5c2"
  integrity sha1-CIEBpV8FQfWV5+BXGZ4n3cjzpcI=
  dependencies:
    call-bind "^1.0.2"
    es-to-primitive "^1.2.1"
    function-bind "^1.1.1"
    get-intrinsic "^1.0.2"
    has "^1.0.3"
    has-symbols "^1.0.1"
    is-callable "^1.2.2"
    is-negative-zero "^2.0.1"
    is-regex "^1.1.1"
    object-inspect "^1.9.0"
    object-keys "^1.1.1"
    object.assign "^4.1.2"
    string.prototype.trimend "^1.0.3"
    string.prototype.trimstart "^1.0.3"

es-get-iterator@^1.1.1:
  version "1.1.2"
  resolved "https://parsable.jfrog.io/artifactory/api/npm/eng-npm-snapshot/es-get-iterator/-/es-get-iterator-1.1.2.tgz#9234c54aba713486d7ebde0220864af5e2b283f7"
  integrity sha1-kjTFSrpxNIbX694CIIZK9eKyg/c=
  dependencies:
    call-bind "^1.0.2"
    get-intrinsic "^1.1.0"
    has-symbols "^1.0.1"
    is-arguments "^1.1.0"
    is-map "^2.0.2"
    is-set "^2.0.2"
    is-string "^1.0.5"
    isarray "^2.0.5"

es-to-primitive@^1.2.1:
  version "1.2.1"
  resolved "https://parsable.jfrog.io/artifactory/api/npm/eng-npm-snapshot/es-to-primitive/-/es-to-primitive-1.2.1.tgz#e55cd4c9cdc188bcefb03b366c736323fc5c898a"
  integrity sha1-5VzUyc3BiLzvsDs2bHNjI/xciYo=
  dependencies:
    is-callable "^1.1.4"
    is-date-object "^1.0.1"
    is-symbol "^1.0.2"

event-target-shim@^5.0.0:
  version "5.0.1"
  resolved "https://parsable.jfrog.io/artifactory/api/npm/eng-npm-snapshot/event-target-shim/-/event-target-shim-5.0.1.tgz#5d4d3ebdf9583d63a5333ce2deb7480ab2b05789"
  integrity sha1-XU0+vflYPWOlMzzi3rdICrKwV4k=

extend@^3.0.2:
  version "3.0.2"
  resolved "https://parsable.jfrog.io/artifactory/api/npm/eng-npm-snapshot/extend/-/extend-3.0.2.tgz#f8b1136b4071fbd8eb140aff858b1019ec2915fa"
  integrity sha1-+LETa0Bx+9jrFAr/hYsQGewpFfo=

fast-text-encoding@^1.0.0:
  version "1.0.3"
  resolved "https://parsable.jfrog.io/artifactory/api/npm/eng-npm-snapshot/fast-text-encoding/-/fast-text-encoding-1.0.3.tgz#ec02ac8e01ab8a319af182dae2681213cfe9ce53"
  integrity sha1-7AKsjgGrijGa8YLa4mgSE8/pzlM=

for-each@^0.3.3:
  version "0.3.3"
  resolved "https://parsable.jfrog.io/artifactory/api/npm/eng-npm-snapshot/for-each/-/for-each-0.3.3.tgz#69b447e88a0a5d32c3e7084f3f1710034b21376e"
  integrity sha1-abRH6IoKXTLD5whPPxcQA0shN24=
  dependencies:
    is-callable "^1.1.3"

foreach@^2.0.5:
  version "2.0.5"
  resolved "https://parsable.jfrog.io/artifactory/api/npm/eng-npm-snapshot/foreach/-/foreach-2.0.5.tgz#0bee005018aeb260d0a3af3ae658dd0136ec1b99"
  integrity sha1-C+4AUBiusmDQo6865ljdATbsG5k=

fs.realpath@^1.0.0:
  version "1.0.0"
  resolved "https://parsable.jfrog.io/artifactory/api/npm/eng-npm-snapshot/fs.realpath/-/fs.realpath-1.0.0.tgz#1504ad2523158caa40db4a2787cb01411994ea4f"
  integrity sha1-FQStJSMVjKpA20onh8sBQRmU6k8=

function-bind@^1.1.1:
  version "1.1.1"
  resolved "https://parsable.jfrog.io/artifactory/api/npm/eng-npm-snapshot/function-bind/-/function-bind-1.1.1.tgz#a56899d3ea3c9bab874bb9773b7c5ede92f4895d"
  integrity sha1-pWiZ0+o8m6uHS7l3O3xe3pL0iV0=

gaxios@^4.0.0:
  version "4.1.0"
  resolved "https://parsable.jfrog.io/artifactory/api/npm/eng-npm-snapshot/gaxios/-/gaxios-4.1.0.tgz#e8ad466db5a4383c70b9d63bfd14dfaa87eb0099"
  integrity sha1-6K1GbbWkODxwudY7/RTfqofrAJk=
  dependencies:
    abort-controller "^3.0.0"
    extend "^3.0.2"
    https-proxy-agent "^5.0.0"
    is-stream "^2.0.0"
    node-fetch "^2.3.0"

gcp-metadata@^4.2.0:
  version "4.2.1"
  resolved "https://parsable.jfrog.io/artifactory/api/npm/eng-npm-snapshot/gcp-metadata/-/gcp-metadata-4.2.1.tgz#31849fbcf9025ef34c2297c32a89a1e7e9f2cd62"
  integrity sha1-MYSfvPkCXvNMIpfDKomh5+nyzWI=
  dependencies:
    gaxios "^4.0.0"
    json-bigint "^1.0.0"

get-intrinsic@^1.0.1, get-intrinsic@^1.0.2, get-intrinsic@^1.1.0:
  version "1.1.1"
  resolved "https://parsable.jfrog.io/artifactory/api/npm/eng-npm-snapshot/get-intrinsic/-/get-intrinsic-1.1.1.tgz#15f59f376f855c446963948f0d24cd3637b4abc6"
  integrity sha1-FfWfN2+FXERpY5SPDSTNNje0q8Y=
  dependencies:
    function-bind "^1.1.1"
    has "^1.0.3"
    has-symbols "^1.0.1"

glob@^7.1.6:
  version "7.1.6"
  resolved "https://parsable.jfrog.io/artifactory/api/npm/eng-npm-snapshot/glob/-/glob-7.1.6.tgz#141f33b81a7c2492e125594307480c46679278a6"
  integrity sha1-FB8zuBp8JJLhJVlDB0gMRmeSeKY=
  dependencies:
    fs.realpath "^1.0.0"
    inflight "^1.0.4"
    inherits "2"
    minimatch "^3.0.4"
    once "^1.3.0"
    path-is-absolute "^1.0.0"

google-auth-library@^6.1.1:
  version "6.1.6"
  resolved "https://parsable.jfrog.io/artifactory/api/npm/eng-npm-snapshot/google-auth-library/-/google-auth-library-6.1.6.tgz#deacdcdb883d9ed6bac78bb5d79a078877fdf572"
  integrity sha1-3qzc24g9nta6x4u115oHiHf99XI=
  dependencies:
    arrify "^2.0.0"
    base64-js "^1.3.0"
    ecdsa-sig-formatter "^1.0.11"
    fast-text-encoding "^1.0.0"
    gaxios "^4.0.0"
    gcp-metadata "^4.2.0"
    gtoken "^5.0.4"
    jws "^4.0.0"
    lru-cache "^6.0.0"

google-p12-pem@^3.0.3:
  version "3.0.3"
  resolved "https://parsable.jfrog.io/artifactory/api/npm/eng-npm-snapshot/google-p12-pem/-/google-p12-pem-3.0.3.tgz#673ac3a75d3903a87f05878f3c75e06fc151669e"
  integrity sha1-ZzrDp105A6h/BYePPHXgb8FRZp4=
  dependencies:
    node-forge "^0.10.0"

gtoken@^5.0.4:
  version "5.2.1"
  resolved "https://parsable.jfrog.io/artifactory/api/npm/eng-npm-snapshot/gtoken/-/gtoken-5.2.1.tgz#4dae1fea17270f457954b4a45234bba5fc796d16"
  integrity sha1-Ta4f6hcnD0V5VLSkUjS7pfx5bRY=
  dependencies:
    gaxios "^4.0.0"
    google-p12-pem "^3.0.3"
    jws "^4.0.0"

has-symbols@^1.0.1:
  version "1.0.1"
  resolved "https://parsable.jfrog.io/artifactory/api/npm/eng-npm-snapshot/has-symbols/-/has-symbols-1.0.1.tgz#9f5214758a44196c406d9bd76cebf81ec2dd31e8"
  integrity sha1-n1IUdYpEGWxAbZvXbOv4HsLdMeg=

has@^1.0.3:
  version "1.0.3"
  resolved "https://parsable.jfrog.io/artifactory/api/npm/eng-npm-snapshot/has/-/has-1.0.3.tgz#722d7cbfc1f6aa8241f16dd814e011e1f41e8796"
  integrity sha1-ci18v8H2qoJB8W3YFOAR4fQeh5Y=
  dependencies:
    function-bind "^1.1.1"

https-proxy-agent@^5.0.0:
  version "5.0.0"
  resolved "https://parsable.jfrog.io/artifactory/api/npm/eng-npm-snapshot/https-proxy-agent/-/https-proxy-agent-5.0.0.tgz#e2a90542abb68a762e0a0850f6c9edadfd8506b2"
  integrity sha1-4qkFQqu2inYuCghQ9sntrf2FBrI=
  dependencies:
    agent-base "6"
    debug "4"

inflight@^1.0.4:
  version "1.0.6"
  resolved "https://parsable.jfrog.io/artifactory/api/npm/eng-npm-snapshot/inflight/-/inflight-1.0.6.tgz#49bd6331d7d02d0c09bc910a1075ba8165b56df9"
  integrity sha1-Sb1jMdfQLQwJvJEKEHW6gWW1bfk=
  dependencies:
    once "^1.3.0"
    wrappy "1"

inherits@2, inherits@^2.0.4:
  version "2.0.4"
  resolved "https://parsable.jfrog.io/artifactory/api/npm/eng-npm-snapshot/inherits/-/inherits-2.0.4.tgz#0fa2c64f932917c3433a0ded55363aae37416b7c"
  integrity sha1-D6LGT5MpF8NDOg3tVTY6rjdBa3w=

is-arguments@^1.0.4, is-arguments@^1.1.0:
  version "1.1.0"
  resolved "https://parsable.jfrog.io/artifactory/api/npm/eng-npm-snapshot/is-arguments/-/is-arguments-1.1.0.tgz#62353031dfbee07ceb34656a6bde59efecae8dd9"
  integrity sha1-YjUwMd++4HzrNGVqa95Z7+yujdk=
  dependencies:
    call-bind "^1.0.0"

is-bigint@^1.0.1:
  version "1.0.1"
  resolved "https://parsable.jfrog.io/artifactory/api/npm/eng-npm-snapshot/is-bigint/-/is-bigint-1.0.1.tgz#6923051dfcbc764278540b9ce0e6b3213aa5ebc2"
  integrity sha1-aSMFHfy8dkJ4VAuc4OazITql68I=

is-boolean-object@^1.1.0:
  version "1.1.0"
  resolved "https://parsable.jfrog.io/artifactory/api/npm/eng-npm-snapshot/is-boolean-object/-/is-boolean-object-1.1.0.tgz#e2aaad3a3a8fca34c28f6eee135b156ed2587ff0"
  integrity sha1-4qqtOjqPyjTCj27uE1sVbtJYf/A=
  dependencies:
    call-bind "^1.0.0"

is-callable@^1.1.3, is-callable@^1.1.4, is-callable@^1.2.2:
  version "1.2.3"
  resolved "https://parsable.jfrog.io/artifactory/api/npm/eng-npm-snapshot/is-callable/-/is-callable-1.2.3.tgz#8b1e0500b73a1d76c70487636f368e519de8db8e"
  integrity sha1-ix4FALc6HXbHBIdjbzaOUZ3o244=

is-core-module@^2.2.0:
  version "2.2.0"
  resolved "https://parsable.jfrog.io/artifactory/api/npm/eng-npm-snapshot/is-core-module/-/is-core-module-2.2.0.tgz#97037ef3d52224d85163f5597b2b63d9afed981a"
  integrity sha1-lwN+89UiJNhRY/VZeytj2a/tmBo=
  dependencies:
    has "^1.0.3"

is-date-object@^1.0.1, is-date-object@^1.0.2:
  version "1.0.2"
  resolved "https://parsable.jfrog.io/artifactory/api/npm/eng-npm-snapshot/is-date-object/-/is-date-object-1.0.2.tgz#bda736f2cd8fd06d32844e7743bfa7494c3bfd7e"
  integrity sha1-vac28s2P0G0yhE53Q7+nSUw7/X4=

is-map@^2.0.1, is-map@^2.0.2:
  version "2.0.2"
  resolved "https://parsable.jfrog.io/artifactory/api/npm/eng-npm-snapshot/is-map/-/is-map-2.0.2.tgz#00922db8c9bf73e81b7a335827bc2a43f2b91127"
  integrity sha1-AJItuMm/c+gbejNYJ7wqQ/K5ESc=

is-negative-zero@^2.0.1:
  version "2.0.1"
  resolved "https://parsable.jfrog.io/artifactory/api/npm/eng-npm-snapshot/is-negative-zero/-/is-negative-zero-2.0.1.tgz#3de746c18dda2319241a53675908d8f766f11c24"
  integrity sha1-PedGwY3aIxkkGlNnWQjY92bxHCQ=

is-number-object@^1.0.4:
  version "1.0.4"
  resolved "https://parsable.jfrog.io/artifactory/api/npm/eng-npm-snapshot/is-number-object/-/is-number-object-1.0.4.tgz#36ac95e741cf18b283fc1ddf5e83da798e3ec197"
  integrity sha1-NqyV50HPGLKD/B3fXoPaeY4+wZc=

is-regex@^1.1.1:
  version "1.1.2"
  resolved "https://parsable.jfrog.io/artifactory/api/npm/eng-npm-snapshot/is-regex/-/is-regex-1.1.2.tgz#81c8ebde4db142f2cf1c53fc86d6a45788266251"
  integrity sha1-gcjr3k2xQvLPHFP8htakV4gmYlE=
  dependencies:
    call-bind "^1.0.2"
    has-symbols "^1.0.1"

is-set@^2.0.1, is-set@^2.0.2:
  version "2.0.2"
  resolved "https://parsable.jfrog.io/artifactory/api/npm/eng-npm-snapshot/is-set/-/is-set-2.0.2.tgz#90755fa4c2562dc1c5d4024760d6119b94ca18ec"
  integrity sha1-kHVfpMJWLcHF1AJHYNYRm5TKGOw=

is-stream@^2.0.0:
  version "2.0.0"
  resolved "https://parsable.jfrog.io/artifactory/api/npm/eng-npm-snapshot/is-stream/-/is-stream-2.0.0.tgz#bde9c32680d6fae04129d6ac9d921ce7815f78e3"
  integrity sha1-venDJoDW+uBBKdasnZIc54FfeOM=

is-string@^1.0.5:
  version "1.0.5"
  resolved "https://parsable.jfrog.io/artifactory/api/npm/eng-npm-snapshot/is-string/-/is-string-1.0.5.tgz#40493ed198ef3ff477b8c7f92f644ec82a5cd3a6"
  integrity sha1-QEk+0ZjvP/R3uMf5L2ROyCpc06Y=

is-symbol@^1.0.2, is-symbol@^1.0.3:
  version "1.0.3"
  resolved "https://parsable.jfrog.io/artifactory/api/npm/eng-npm-snapshot/is-symbol/-/is-symbol-1.0.3.tgz#38e1014b9e6329be0de9d24a414fd7441ec61937"
  integrity sha1-OOEBS55jKb4N6dJKQU/XRB7GGTc=
  dependencies:
    has-symbols "^1.0.1"

is-typed-array@^1.1.3:
  version "1.1.5"
  resolved "https://parsable.jfrog.io/artifactory/api/npm/eng-npm-snapshot/is-typed-array/-/is-typed-array-1.1.5.tgz#f32e6e096455e329eb7b423862456aa213f0eb4e"
  integrity sha1-8y5uCWRV4ynre0I4YkVqohPw604=
  dependencies:
    available-typed-arrays "^1.0.2"
    call-bind "^1.0.2"
    es-abstract "^1.18.0-next.2"
    foreach "^2.0.5"
    has-symbols "^1.0.1"

is-weakmap@^2.0.1:
  version "2.0.1"
  resolved "https://parsable.jfrog.io/artifactory/api/npm/eng-npm-snapshot/is-weakmap/-/is-weakmap-2.0.1.tgz#5008b59bdc43b698201d18f62b37b2ca243e8cf2"
  integrity sha1-UAi1m9xDtpggHRj2KzeyyiQ+jPI=

is-weakset@^2.0.1:
  version "2.0.1"
  resolved "https://parsable.jfrog.io/artifactory/api/npm/eng-npm-snapshot/is-weakset/-/is-weakset-2.0.1.tgz#e9a0af88dbd751589f5e50d80f4c98b780884f83"
  integrity sha1-6aCviNvXUVifXlDYD0yYt4CIT4M=

isarray@^2.0.5:
  version "2.0.5"
  resolved "https://parsable.jfrog.io/artifactory/api/npm/eng-npm-snapshot/isarray/-/isarray-2.0.5.tgz#8af1e4c1221244cc62459faf38940d4e644a5723"
  integrity sha1-ivHkwSISRMxiRZ+vOJQNTmRKVyM=

json-bigint@^1.0.0:
  version "1.0.0"
  resolved "https://parsable.jfrog.io/artifactory/api/npm/eng-npm-snapshot/json-bigint/-/json-bigint-1.0.0.tgz#ae547823ac0cad8398667f8cd9ef4730f5b01ff1"
  integrity sha1-rlR4I6wMrYOYZn+M2e9HMPWwH/E=
  dependencies:
    bignumber.js "^9.0.0"

jwa@^2.0.0:
  version "2.0.0"
  resolved "https://parsable.jfrog.io/artifactory/api/npm/eng-npm-snapshot/jwa/-/jwa-2.0.0.tgz#a7e9c3f29dae94027ebcaf49975c9345593410fc"
  integrity sha1-p+nD8p2ulAJ+vK9Jl1yTRVk0EPw=
  dependencies:
    buffer-equal-constant-time "1.0.1"
    ecdsa-sig-formatter "1.0.11"
    safe-buffer "^5.0.1"

jws@^4.0.0:
  version "4.0.0"
  resolved "https://parsable.jfrog.io/artifactory/api/npm/eng-npm-snapshot/jws/-/jws-4.0.0.tgz#2d4e8cf6a318ffaa12615e9dec7e86e6c97310f4"
  integrity sha1-LU6M9qMY/6oSYV6d7H6G5slzEPQ=
  dependencies:
    jwa "^2.0.0"
    safe-buffer "^5.0.1"

lodash.camelcase@^4.3.0:
  version "4.3.0"
  resolved "https://parsable.jfrog.io/artifactory/api/npm/eng-npm-snapshot/lodash.camelcase/-/lodash.camelcase-4.3.0.tgz#b28aa6288a2b9fc651035c7711f65ab6190331a6"
  integrity sha1-soqmKIorn8ZRA1x3EfZathkDMaY=

long@^4.0.0:
  version "4.0.0"
  resolved "https://parsable.jfrog.io/artifactory/api/npm/eng-npm-snapshot/long/-/long-4.0.0.tgz#9a7b71cfb7d361a194ea555241c92f7468d5bf28"
  integrity sha1-mntxz7fTYaGU6lVSQckvdGjVvyg=

lru-cache@^6.0.0:
  version "6.0.0"
  resolved "https://parsable.jfrog.io/artifactory/api/npm/eng-npm-snapshot/lru-cache/-/lru-cache-6.0.0.tgz#6d6fe6570ebd96aaf90fcad1dafa3b2566db3a94"
  integrity sha1-bW/mVw69lqr5D8rR2vo7JWbbOpQ=
  dependencies:
    yallist "^4.0.0"

minimatch@^3.0.4:
  version "3.0.4"
  resolved "https://parsable.jfrog.io/artifactory/api/npm/eng-npm-snapshot/minimatch/-/minimatch-3.0.4.tgz#5166e286457f03306064be5497e8dbb0c3d32083"
  integrity sha1-UWbihkV/AzBgZL5Ul+jbsMPTIIM=
  dependencies:
    brace-expansion "^1.1.7"

minimist@^1.2.5:
  version "1.2.5"
  resolved "https://parsable.jfrog.io/artifactory/api/npm/eng-npm-snapshot/minimist/-/minimist-1.2.5.tgz#67d66014b66a6a8aaa0c083c5fd58df4e4e97602"
  integrity sha1-Z9ZgFLZqaoqqDAg8X9WN9OTpdgI=

ms@2.1.2:
  version "2.1.2"
  resolved "https://parsable.jfrog.io/artifactory/api/npm/eng-npm-snapshot/ms/-/ms-2.1.2.tgz#d09d1f357b443f493382a8eb3ccd183872ae6009"
  integrity sha1-0J0fNXtEP0kzgqjrPM0YOHKuYAk=

node-fetch@^2.3.0:
  version "2.6.1"
  resolved "https://parsable.jfrog.io/artifactory/api/npm/eng-npm-snapshot/node-fetch/-/node-fetch-2.6.1.tgz#045bd323631f76ed2e2b55573394416b639a0052"
  integrity sha1-BFvTI2Mfdu0uK1VXM5RBa2OaAFI=

node-forge@^0.10.0:
  version "0.10.0"
  resolved "https://parsable.jfrog.io/artifactory/api/npm/eng-npm-snapshot/node-forge/-/node-forge-0.10.0.tgz#32dea2afb3e9926f02ee5ce8794902691a676bf3"
  integrity sha1-Mt6ir7Ppkm8C7lzoeUkCaRpna/M=

object-inspect@^1.9.0:
  version "1.9.0"
  resolved "https://parsable.jfrog.io/artifactory/api/npm/eng-npm-snapshot/object-inspect/-/object-inspect-1.9.0.tgz#c90521d74e1127b67266ded3394ad6116986533a"
  integrity sha1-yQUh104RJ7ZyZt7TOUrWEWmGUzo=

object-is@^1.1.4:
  version "1.1.4"
  resolved "https://parsable.jfrog.io/artifactory/api/npm/eng-npm-snapshot/object-is/-/object-is-1.1.4.tgz#63d6c83c00a43f4cbc9434eb9757c8a5b8565068"
  integrity sha1-Y9bIPACkP0y8lDTrl1fIpbhWUGg=
  dependencies:
    call-bind "^1.0.0"
    define-properties "^1.1.3"

object-keys@^1.0.12, object-keys@^1.1.1:
  version "1.1.1"
  resolved "https://parsable.jfrog.io/artifactory/api/npm/eng-npm-snapshot/object-keys/-/object-keys-1.1.1.tgz#1c47f272df277f3b1daf061677d9c82e2322c60e"
  integrity sha1-HEfyct8nfzsdrwYWd9nILiMixg4=

object.assign@^4.1.2:
  version "4.1.2"
  resolved "https://parsable.jfrog.io/artifactory/api/npm/eng-npm-snapshot/object.assign/-/object.assign-4.1.2.tgz#0ed54a342eceb37b38ff76eb831a0e788cb63940"
  integrity sha1-DtVKNC7Os3s4/3brgxoOeIy2OUA=
  dependencies:
    call-bind "^1.0.0"
    define-properties "^1.1.3"
    has-symbols "^1.0.1"
    object-keys "^1.1.1"

once@^1.3.0:
  version "1.4.0"
  resolved "https://parsable.jfrog.io/artifactory/api/npm/eng-npm-snapshot/once/-/once-1.4.0.tgz#583b1aa775961d4b113ac17d9c50baef9dd76bd1"
  integrity sha1-WDsap3WWHUsROsF9nFC6753Xa9E=
  dependencies:
    wrappy "1"

path-is-absolute@^1.0.0:
  version "1.0.1"
  resolved "https://parsable.jfrog.io/artifactory/api/npm/eng-npm-snapshot/path-is-absolute/-/path-is-absolute-1.0.1.tgz#174b9268735534ffbc7ace6bf53a5a9e1b5c5f5f"
  integrity sha1-F0uSaHNVNP+8es5r9TpanhtcX18=

path-parse@^1.0.6:
  version "1.0.6"
  resolved "https://parsable.jfrog.io/artifactory/api/npm/eng-npm-snapshot/path-parse/-/path-parse-1.0.6.tgz#d62dbb5679405d72c4737ec58600e9ddcf06d24c"
  integrity sha1-1i27VnlAXXLEc37FhgDp3c8G0kw=

protobufjs@^6.8.6:
  version "6.10.2"
  resolved "https://parsable.jfrog.io/artifactory/api/npm/eng-npm-snapshot/protobufjs/-/protobufjs-6.10.2.tgz#b9cb6bd8ec8f87514592ba3fdfd28e93f33a469b"
  integrity sha1-uctr2OyPh1FFkro/39KOk/M6Rps=
  dependencies:
    "@protobufjs/aspromise" "^1.1.2"
    "@protobufjs/base64" "^1.1.2"
    "@protobufjs/codegen" "^2.0.4"
    "@protobufjs/eventemitter" "^1.1.0"
    "@protobufjs/fetch" "^1.1.0"
    "@protobufjs/float" "^1.0.2"
    "@protobufjs/inquire" "^1.1.0"
    "@protobufjs/path" "^1.1.2"
    "@protobufjs/pool" "^1.1.0"
    "@protobufjs/utf8" "^1.1.0"
    "@types/long" "^4.0.1"
    "@types/node" "^13.7.0"
    long "^4.0.0"

regexp.prototype.flags@^1.3.0:
  version "1.3.1"
  resolved "https://parsable.jfrog.io/artifactory/api/npm/eng-npm-snapshot/regexp.prototype.flags/-/regexp.prototype.flags-1.3.1.tgz#7ef352ae8d159e758c0eadca6f8fcb4eef07be26"
  integrity sha1-fvNSro0VnnWMDq3Kb4/LTu8HviY=
  dependencies:
    call-bind "^1.0.2"
    define-properties "^1.1.3"

resolve@^1.19.0:
  version "1.20.0"
  resolved "https://parsable.jfrog.io/artifactory/api/npm/eng-npm-snapshot/resolve/-/resolve-1.20.0.tgz#629a013fb3f70755d6f0b7935cc1c2c5378b1975"
  integrity sha1-YpoBP7P3B1XW8LeTXMHCxTeLGXU=
  dependencies:
    is-core-module "^2.2.0"
    path-parse "^1.0.6"

resumer@^0.0.0:
  version "0.0.0"
  resolved "https://parsable.jfrog.io/artifactory/api/npm/eng-npm-snapshot/resumer/-/resumer-0.0.0.tgz#f1e8f461e4064ba39e82af3cdc2a8c893d076759"
  integrity sha1-8ej0YeQGS6Oegq883CqMiT0HZ1k=
  dependencies:
    through "~2.3.4"

safe-buffer@^5.0.1:
  version "5.2.1"
  resolved "https://parsable.jfrog.io/artifactory/api/npm/eng-npm-snapshot/safe-buffer/-/safe-buffer-5.2.1.tgz#1eaf9fa9bdb1fdd4ec75f58f9cdb4e6b7827eec6"
  integrity sha1-Hq+fqb2x/dTsdfWPnNtOa3gn7sY=

semver@^6.2.0:
  version "6.3.0"
  resolved "https://parsable.jfrog.io/artifactory/api/npm/eng-npm-snapshot/semver/-/semver-6.3.0.tgz#ee0a64c8af5e8ceea67687b133761e1becbd1d3d"
  integrity sha1-7gpkyK9ejO6mdoexM3YeG+y9HT0=

side-channel@^1.0.3:
  version "1.0.4"
  resolved "https://parsable.jfrog.io/artifactory/api/npm/eng-npm-snapshot/side-channel/-/side-channel-1.0.4.tgz#efce5c8fdc104ee751b25c58d4290011fa5ea2cf"
  integrity sha1-785cj9wQTudRslxY1CkAEfpeos8=
  dependencies:
    call-bind "^1.0.0"
    get-intrinsic "^1.0.2"
    object-inspect "^1.9.0"

string.prototype.trim@^1.2.3:
  version "1.2.3"
  resolved "https://parsable.jfrog.io/artifactory/api/npm/eng-npm-snapshot/string.prototype.trim/-/string.prototype.trim-1.2.3.tgz#d23a22fde01c1e6571a7fadcb9be11decd8061a7"
  integrity sha1-0joi/eAcHmVxp/rcub4R3s2AYac=
  dependencies:
    call-bind "^1.0.0"
    define-properties "^1.1.3"
    es-abstract "^1.18.0-next.1"

string.prototype.trimend@^1.0.3:
  version "1.0.3"
  resolved "https://parsable.jfrog.io/artifactory/api/npm/eng-npm-snapshot/string.prototype.trimend/-/string.prototype.trimend-1.0.3.tgz#a22bd53cca5c7cf44d7c9d5c732118873d6cd18b"
  integrity sha1-oivVPMpcfPRNfJ1ccyEYhz1s0Ys=
  dependencies:
    call-bind "^1.0.0"
    define-properties "^1.1.3"

string.prototype.trimstart@^1.0.3:
  version "1.0.3"
  resolved "https://parsable.jfrog.io/artifactory/api/npm/eng-npm-snapshot/string.prototype.trimstart/-/string.prototype.trimstart-1.0.3.tgz#9b4cb590e123bb36564401d59824298de50fd5aa"
  integrity sha1-m0y1kOEjuzZWRAHVmCQpjeUP1ao=
  dependencies:
    call-bind "^1.0.0"
    define-properties "^1.1.3"

tape@^5.1.1:
  version "5.1.1"
  resolved "https://parsable.jfrog.io/artifactory/api/npm/eng-npm-snapshot/tape/-/tape-5.1.1.tgz#51e6fc7af0c15cf39faa6aac3d0a1d2ca6fd4744"
  integrity sha1-Ueb8evDBXPOfqmqsPQodLKb9R0Q=
  dependencies:
    call-bind "^1.0.0"
    deep-equal "^2.0.5"
    defined "^1.0.0"
    dotignore "^0.1.2"
    for-each "^0.3.3"
    glob "^7.1.6"
    has "^1.0.3"
    inherits "^2.0.4"
    is-regex "^1.1.1"
    minimist "^1.2.5"
    object-inspect "^1.9.0"
    object-is "^1.1.4"
    object.assign "^4.1.2"
    resolve "^1.19.0"
    resumer "^0.0.0"
    string.prototype.trim "^1.2.3"
    through "^2.3.8"

through@^2.3.8, through@~2.3.4:
  version "2.3.8"
  resolved "https://parsable.jfrog.io/artifactory/api/npm/eng-npm-snapshot/through/-/through-2.3.8.tgz#0dd4c9ffaabc357960b1b724115d7e0e86a2e1f5"
  integrity sha1-DdTJ/6q8NXlgsbckEV1+Doai4fU=

which-boxed-primitive@^1.0.1:
  version "1.0.2"
  resolved "https://parsable.jfrog.io/artifactory/api/npm/eng-npm-snapshot/which-boxed-primitive/-/which-boxed-primitive-1.0.2.tgz#13757bc89b209b049fe5d86430e21cf40a89a8e6"
  integrity sha1-E3V7yJsgmwSf5dhkMOIc9AqJqOY=
  dependencies:
    is-bigint "^1.0.1"
    is-boolean-object "^1.1.0"
    is-number-object "^1.0.4"
    is-string "^1.0.5"
    is-symbol "^1.0.3"

which-collection@^1.0.1:
  version "1.0.1"
  resolved "https://parsable.jfrog.io/artifactory/api/npm/eng-npm-snapshot/which-collection/-/which-collection-1.0.1.tgz#70eab71ebbbd2aefaf32f917082fc62cdcb70906"
  integrity sha1-cOq3Hru9Ku+vMvkXCC/GLNy3CQY=
  dependencies:
    is-map "^2.0.1"
    is-set "^2.0.1"
    is-weakmap "^2.0.1"
    is-weakset "^2.0.1"

which-typed-array@^1.1.2:
  version "1.1.4"
  resolved "https://parsable.jfrog.io/artifactory/api/npm/eng-npm-snapshot/which-typed-array/-/which-typed-array-1.1.4.tgz#8fcb7d3ee5adf2d771066fba7cf37e32fe8711ff"
  integrity sha1-j8t9PuWt8tdxBm+6fPN+Mv6HEf8=
  dependencies:
    available-typed-arrays "^1.0.2"
    call-bind "^1.0.0"
    es-abstract "^1.18.0-next.1"
    foreach "^2.0.5"
    function-bind "^1.1.1"
    has-symbols "^1.0.1"
    is-typed-array "^1.1.3"

wrappy@1:
  version "1.0.2"
  resolved "https://parsable.jfrog.io/artifactory/api/npm/eng-npm-snapshot/wrappy/-/wrappy-1.0.2.tgz#b5243d8f3ec1aa35f1364605bc0d1036e30ab69f"
  integrity sha1-tSQ9jz7BqjXxNkYFvA0QNuMKtp8=

yallist@^4.0.0:
  version "4.0.0"
  resolved "https://parsable.jfrog.io/artifactory/api/npm/eng-npm-snapshot/yallist/-/yallist-4.0.0.tgz#9bb92790d9c0effec63be73519e11a35019a3a72"
  integrity sha1-m7knkNnA7/7GO+c1GeEaNQGaOnI=
